
Microsoft Visual Studio Solution File, Format Version 12.00
# Visual Studio Version 16
VisualStudioVersion = 16.0.32106.194
MinimumVisualStudioVersion = 10.0.40219.1
Project("{8BC9CEB8-8B4A-11D0-8D11-00A0C91BC942}") = "Vjezba8", "Vjezba8\Vjezba8.vcxproj", "{735F3C54-65B1-47AD-9D2A-7F9820C94806}"
EndProject
Global
	GlobalSection(SolutionConfigurationPlatforms) = preSolution
		Debug|x64 = Debug|x64
		Debug|x86 = Debug|x86
		Release|x64 = Release|x64
		Release|x86 = Release|x86
	EndGlobalSection
	GlobalSection(ProjectConfigurationPlatforms) = postSolution
		{735F3C54-65B1-47AD-9D2A-7F9820C94806}.Debug|x64.ActiveCfg = Debug|x64
		{735F3C54-65B1-47AD-9D2A-7F9820C94806}.Debug|x64.Build.0 = Debug|x64
		{735F3C54-65B1-47AD-9D2A-7F9820C94806}.Debug|x86.ActiveCfg = Debug|Win32
		{735F3C54-65B1-47AD-9D2A-7F9820C94806}.Debug|x86.Build.0 = Debug|Win32
		{735F3C54-65B1-47AD-9D2A-7F9820C94806}.Release|x64.ActiveCfg = Release|x64
		{735F3C54-65B1-47AD-9D2A-7F9820C94806}.Release|x64.Build.0 = Release|x64
		{735F3C54-65B1-47AD-9D2A-7F9820C94806}.Release|x86.ActiveCfg = Release|Win32
		{735F3C54-65B1-47AD-9D2A-7F9820C94806}.Release|x86.Build.0 = Release|Win32
	EndGlobalSection
	GlobalSection(SolutionProperties) = preSolution
		HideSolutionNode = FALSE
	EndGlobalSection
	GlobalSection(ExtensibilityGlobals) = postSolution
		SolutionGuid = {F290AC21-C19F-45E7-B330-5600E09E3191}
	EndGlobalSection
EndGlobal
